
Microsoft Visual Studio Solution File, Format Version 12.00
# Visual Studio 2012
Project("{FAE04EC0-301F-11D3-BF4B-00C04F79EFBC}") = "SimpleHttpDownloader", "SimpleHttpDownloader\SimpleHttpDownloader.csproj", "{CE7E9F29-9129-4F19-A3FE-FB7957D44D64}"
EndProject
Global
	GlobalSection(SolutionConfigurationPlatforms) = preSolution
		Debug|Any CPU = Debug|Any CPU
		Release|Any CPU = Release|Any CPU
	EndGlobalSection
	GlobalSection(ProjectConfigurationPlatforms) = postSolution
		{CE7E9F29-9129-4F19-A3FE-FB7957D44D64}.Debug|Any CPU.ActiveCfg = Debug|Any CPU
		{CE7E9F29-9129-4F19-A3FE-FB7957D44D64}.Debug|Any CPU.Build.0 = Debug|Any CPU
		{CE7E9F29-9129-4F19-A3FE-FB7957D44D64}.Release|Any CPU.ActiveCfg = Release|Any CPU
		{CE7E9F29-9129-4F19-A3FE-FB7957D44D64}.Release|Any CPU.Build.0 = Release|Any CPU
	EndGlobalSection
	GlobalSection(SolutionProperties) = preSolution
		HideSolutionNode = FALSE
	EndGlobalSection
EndGlobal
